
Microsoft Visual Studio Solution File, Format Version 12.00
# Visual Studio Version 17
VisualStudioVersion = 17.2.32602.215
MinimumVisualStudioVersion = 10.0.40219.1
Project("{FAE04EC0-301F-11D3-BF4B-00C04F79EFBC}") = "EditorTexto", "EditorTexto\EditorTexto.csproj", "{70738C92-472A-44A5-8572-5DB69028F652}"
EndProject
Global
	GlobalSection(SolutionConfigurationPlatforms) = preSolution
		Debug|Any CPU = Debug|Any CPU
		Release|Any CPU = Release|Any CPU
	EndGlobalSection
	GlobalSection(ProjectConfigurationPlatforms) = postSolution
		{70738C92-472A-44A5-8572-5DB69028F652}.Debug|Any CPU.ActiveCfg = Debug|Any CPU
		{70738C92-472A-44A5-8572-5DB69028F652}.Debug|Any CPU.Build.0 = Debug|Any CPU
		{70738C92-472A-44A5-8572-5DB69028F652}.Release|Any CPU.ActiveCfg = Release|Any CPU
		{70738C92-472A-44A5-8572-5DB69028F652}.Release|Any CPU.Build.0 = Release|Any CPU
	EndGlobalSection
	GlobalSection(SolutionProperties) = preSolution
		HideSolutionNode = FALSE
	EndGlobalSection
	GlobalSection(ExtensibilityGlobals) = postSolution
		SolutionGuid = {B70A5853-8ABF-4A27-8D78-7C6DF05844A0}
	EndGlobalSection
EndGlobal
